
Microsoft Visual Studio Solution File, Format Version 12.00
# Visual Studio 15
VisualStudioVersion = 15.0.26228.9
MinimumVisualStudioVersion = 10.0.40219.1
Project("{FAE04EC0-301F-11D3-BF4B-00C04F79EFBC}") = "View", "View\View.csproj", "{8F239BA7-E3DA-43FC-80DB-231AA0CECDC2}"
EndProject
Project("{FAE04EC0-301F-11D3-BF4B-00C04F79EFBC}") = "Model", "Model\Model.csproj", "{DC133126-A082-40C6-862C-48F182C14DEC}"
EndProject
Global
	GlobalSection(SolutionConfigurationPlatforms) = preSolution
		Debug|Any CPU = Debug|Any CPU
		Release|Any CPU = Release|Any CPU
	EndGlobalSection
	GlobalSection(ProjectConfigurationPlatforms) = postSolution
		{8F239BA7-E3DA-43FC-80DB-231AA0CECDC2}.Debug|Any CPU.ActiveCfg = Debug|Any CPU
		{8F239BA7-E3DA-43FC-80DB-231AA0CECDC2}.Debug|Any CPU.Build.0 = Debug|Any CPU
		{8F239BA7-E3DA-43FC-80DB-231AA0CECDC2}.Release|Any CPU.ActiveCfg = Release|Any CPU
		{8F239BA7-E3DA-43FC-80DB-231AA0CECDC2}.Release|Any CPU.Build.0 = Release|Any CPU
		{DC133126-A082-40C6-862C-48F182C14DEC}.Debug|Any CPU.ActiveCfg = Debug|Any CPU
		{DC133126-A082-40C6-862C-48F182C14DEC}.Debug|Any CPU.Build.0 = Debug|Any CPU
		{DC133126-A082-40C6-862C-48F182C14DEC}.Release|Any CPU.ActiveCfg = Release|Any CPU
		{DC133126-A082-40C6-862C-48F182C14DEC}.Release|Any CPU.Build.0 = Release|Any CPU
	EndGlobalSection
	GlobalSection(SolutionProperties) = preSolution
		HideSolutionNode = FALSE
	EndGlobalSection
EndGlobal
